
Microsoft Visual Studio Solution File, Format Version 12.00
# Visual Studio 15
VisualStudioVersion = 15.0.27004.2006
MinimumVisualStudioVersion = 10.0.40219.1
Project("{FAE04EC0-301F-11D3-BF4B-00C04F79EFBC}") = "TrainTesting", "TrainTesting\TrainTesting.csproj", "{DA5F236E-3F76-4422-B978-E326F633A49F}"
EndProject
Global
	GlobalSection(SolutionConfigurationPlatforms) = preSolution
		Debug|Any CPU = Debug|Any CPU
		Release|Any CPU = Release|Any CPU
	EndGlobalSection
	GlobalSection(ProjectConfigurationPlatforms) = postSolution
		{DA5F236E-3F76-4422-B978-E326F633A49F}.Debug|Any CPU.ActiveCfg = Debug|Any CPU
		{DA5F236E-3F76-4422-B978-E326F633A49F}.Debug|Any CPU.Build.0 = Debug|Any CPU
		{DA5F236E-3F76-4422-B978-E326F633A49F}.Release|Any CPU.ActiveCfg = Release|Any CPU
		{DA5F236E-3F76-4422-B978-E326F633A49F}.Release|Any CPU.Build.0 = Release|Any CPU
	EndGlobalSection
	GlobalSection(SolutionProperties) = preSolution
		HideSolutionNode = FALSE
	EndGlobalSection
	GlobalSection(ExtensibilityGlobals) = postSolution
		SolutionGuid = {FD910248-E7D7-419D-8F2A-51CCF76B3437}
	EndGlobalSection
EndGlobal
